
Microsoft Visual Studio Solution File, Format Version 12.00
# Visual Studio Version 17
VisualStudioVersion = 17.7.34003.232
MinimumVisualStudioVersion = 10.0.40219.1
Project("{FAE04EC0-301F-11D3-BF4B-00C04F79EFBC}") = "AgendaMed", "AgendaMed\AgendaMed.csproj", "{978B334C-98D8-42B9-9EA3-851CE58C3E06}"
EndProject
Project("{9A19103F-16F7-4668-BE54-9A1E7A4F7556}") = "AgendaMed.Business", "C:\Users\cfeli\source\repos\Felipe-Severo\CRUDs-MVC\WebApplicationMVC.Business\AgendaMed.Business.csproj", "{BCD6CDDA-0ADA-4889-8C22-C3DB5619B837}"
EndProject
Global
	GlobalSection(SolutionConfigurationPlatforms) = preSolution
		Debug|Any CPU = Debug|Any CPU
		Release|Any CPU = Release|Any CPU
	EndGlobalSection
	GlobalSection(ProjectConfigurationPlatforms) = postSolution
		{978B334C-98D8-42B9-9EA3-851CE58C3E06}.Debug|Any CPU.ActiveCfg = Debug|Any CPU
		{978B334C-98D8-42B9-9EA3-851CE58C3E06}.Debug|Any CPU.Build.0 = Debug|Any CPU
		{978B334C-98D8-42B9-9EA3-851CE58C3E06}.Release|Any CPU.ActiveCfg = Release|Any CPU
		{978B334C-98D8-42B9-9EA3-851CE58C3E06}.Release|Any CPU.Build.0 = Release|Any CPU
		{BCD6CDDA-0ADA-4889-8C22-C3DB5619B837}.Debug|Any CPU.ActiveCfg = Debug|Any CPU
		{BCD6CDDA-0ADA-4889-8C22-C3DB5619B837}.Debug|Any CPU.Build.0 = Debug|Any CPU
		{BCD6CDDA-0ADA-4889-8C22-C3DB5619B837}.Release|Any CPU.ActiveCfg = Release|Any CPU
		{BCD6CDDA-0ADA-4889-8C22-C3DB5619B837}.Release|Any CPU.Build.0 = Release|Any CPU
	EndGlobalSection
	GlobalSection(SolutionProperties) = preSolution
		HideSolutionNode = FALSE
	EndGlobalSection
	GlobalSection(ExtensibilityGlobals) = postSolution
		SolutionGuid = {F879A92A-81CC-4977-AF38-6AC759EE0DF1}
	EndGlobalSection
EndGlobal
